// !$*UTF8*$!
{
	archiveVersion = 1;
	classes = {
	};
	objectVersion = 56;
	objects = {

/* Begin PBXBuildFile section */
		5613AE4E29A3E5600071FEE0 /* FakeStoreApp.swift in Sources */ = {isa = PBXBuildFile; fileRef = 5613AE4D29A3E5600071FEE0 /* FakeStoreApp.swift */; };
		5613AE5029A3E5600071FEE0 /* HomeView.swift in Sources */ = {isa = PBXBuildFile; fileRef = 5613AE4F29A3E5600071FEE0 /* HomeView.swift */; };
		5613AE5229A3E5610071FEE0 /* Assets.xcassets in Resources */ = {isa = PBXBuildFile; fileRef = 5613AE5129A3E5610071FEE0 /* Assets.xcassets */; };
		5613AE5529A3E5610071FEE0 /* Preview Assets.xcassets in Resources */ = {isa = PBXBuildFile; fileRef = 5613AE5429A3E5610071FEE0 /* Preview Assets.xcassets */; };
		5613AE6129A3E65E0071FEE0 /* Product.swift in Sources */ = {isa = PBXBuildFile; fileRef = 5613AE6029A3E65D0071FEE0 /* Product.swift */; };
		5613AE6329A3E6DC0071FEE0 /* HomeViewModel.swift in Sources */ = {isa = PBXBuildFile; fileRef = 5613AE6229A3E6DC0071FEE0 /* HomeViewModel.swift */; };
		568FCC0C29A672E9007056EF /* ProductView.swift in Sources */ = {isa = PBXBuildFile; fileRef = 568FCC0B29A672E9007056EF /* ProductView.swift */; };
		568FCC0E29A67C7A007056EF /* RatingView.swift in Sources */ = {isa = PBXBuildFile; fileRef = 568FCC0D29A67C7A007056EF /* RatingView.swift */; };
/* End PBXBuildFile section */

/* Begin PBXFileReference section */
		5613AE4A29A3E5600071FEE0 /* FakeStore.app */ = {isa = PBXFileReference; explicitFileType = wrapper.application; includeInIndex = 0; path = FakeStore.app; sourceTree = BUILT_PRODUCTS_DIR; };
		5613AE4D29A3E5600071FEE0 /* FakeStoreApp.swift */ = {isa = PBXFileReference; lastKnownFileType = sourcecode.swift; path = FakeStoreApp.swift; sourceTree = "<group>"; };
		5613AE4F29A3E5600071FEE0 /* HomeView.swift */ = {isa = PBXFileReference; lastKnownFileType = sourcecode.swift; path = HomeView.swift; sourceTree = "<group>"; };
		5613AE5129A3E5610071FEE0 /* Assets.xcassets */ = {isa = PBXFileReference; lastKnownFileType = folder.assetcatalog; path = Assets.xcassets; sourceTree = "<group>"; };
		5613AE5429A3E5610071FEE0 /* Preview Assets.xcassets */ = {isa = PBXFileReference; lastKnownFileType = folder.assetcatalog; path = "Preview Assets.xcassets"; sourceTree = "<group>"; };
		5613AE6029A3E65D0071FEE0 /* Product.swift */ = {isa = PBXFileReference; lastKnownFileType = sourcecode.swift; path = Product.swift; sourceTree = "<group>"; };
		5613AE6229A3E6DC0071FEE0 /* HomeViewModel.swift */ = {isa = PBXFileReference; lastKnownFileType = sourcecode.swift; path = HomeViewModel.swift; sourceTree = "<group>"; };
		568FCC0B29A672E9007056EF /* ProductView.swift */ = {isa = PBXFileReference; lastKnownFileType = sourcecode.swift; path = ProductView.swift; sourceTree = "<group>"; };
		568FCC0D29A67C7A007056EF /* RatingView.swift */ = {isa = PBXFileReference; lastKnownFileType = sourcecode.swift; path = RatingView.swift; sourceTree = "<group>"; };
/* End PBXFileReference section */

/* Begin PBXFrameworksBuildPhase section */
		5613AE4729A3E5600071FEE0 /* Frameworks */ = {
			isa = PBXFrameworksBuildPhase;
			buildActionMask = 2147483647;
			files = (
			);
			runOnlyForDeploymentPostprocessing = 0;
		};
/* End PBXFrameworksBuildPhase section */

/* Begin PBXGroup section */
		5613AE4129A3E5600071FEE0 = {
			isa = PBXGroup;
			children = (
				5613AE4C29A3E5600071FEE0 /* FakeStore */,
				5613AE4B29A3E5600071FEE0 /* Products */,
			);
			sourceTree = "<group>";
		};
		5613AE4B29A3E5600071FEE0 /* Products */ = {
			isa = PBXGroup;
			children = (
				5613AE4A29A3E5600071FEE0 /* FakeStore.app */,
			);
			name = Products;
			sourceTree = "<group>";
		};
		5613AE4C29A3E5600071FEE0 /* FakeStore */ = {
			isa = PBXGroup;
			children = (
				5613AE5C29A3E6130071FEE0 /* Feaures */,
				5613AE5B29A3E5F70071FEE0 /* AppDelegate */,
				5613AE5129A3E5610071FEE0 /* Assets.xcassets */,
				5613AE5329A3E5610071FEE0 /* Preview Content */,
			);
			path = FakeStore;
			sourceTree = "<group>";
		};
		5613AE5329A3E5610071FEE0 /* Preview Content */ = {
			isa = PBXGroup;
			children = (
				5613AE5429A3E5610071FEE0 /* Preview Assets.xcassets */,
			);
			path = "Preview Content";
			sourceTree = "<group>";
		};
		5613AE5B29A3E5F70071FEE0 /* AppDelegate */ = {
			isa = PBXGroup;
			children = (
				5613AE4D29A3E5600071FEE0 /* FakeStoreApp.swift */,
			);
			path = AppDelegate;
			sourceTree = "<group>";
		};
		5613AE5C29A3E6130071FEE0 /* Feaures */ = {
			isa = PBXGroup;
			children = (
				568FCC0A29A672CA007056EF /* Home */,
				568FCC0929A672BB007056EF /* Card */,
			);
			path = Feaures;
			sourceTree = "<group>";
		};
		5613AE5D29A3E6340071FEE0 /* Model */ = {
			isa = PBXGroup;
			children = (
				5613AE6029A3E65D0071FEE0 /* Product.swift */,
			);
			path = Model;
			sourceTree = "<group>";
		};
		5613AE5E29A3E63B0071FEE0 /* View */ = {
			isa = PBXGroup;
			children = (
				5613AE4F29A3E5600071FEE0 /* HomeView.swift */,
			);
			path = View;
			sourceTree = "<group>";
		};
		5613AE5F29A3E6400071FEE0 /* ViewModel */ = {
			isa = PBXGroup;
			children = (
				5613AE6229A3E6DC0071FEE0 /* HomeViewModel.swift */,
			);
			path = ViewModel;
			sourceTree = "<group>";
		};
		568FCC0929A672BB007056EF /* Card */ = {
			isa = PBXGroup;
			children = (
				568FCC0B29A672E9007056EF /* ProductView.swift */,
				568FCC0D29A67C7A007056EF /* RatingView.swift */,
			);
			path = Card;
			sourceTree = "<group>";
		};
		568FCC0A29A672CA007056EF /* Home */ = {
			isa = PBXGroup;
			children = (
				5613AE5D29A3E6340071FEE0 /* Model */,
				5613AE5E29A3E63B0071FEE0 /* View */,
				5613AE5F29A3E6400071FEE0 /* ViewModel */,
			);
			path = Home;
			sourceTree = "<group>";
		};
/* End PBXGroup section */

/* Begin PBXNativeTarget section */
		5613AE4929A3E5600071FEE0 /* FakeStore */ = {
			isa = PBXNativeTarget;
			buildConfigurationList = 5613AE5829A3E5610071FEE0 /* Build configuration list for PBXNativeTarget "FakeStore" */;
			buildPhases = (
				5613AE4629A3E5600071FEE0 /* Sources */,
				5613AE4729A3E5600071FEE0 /* Frameworks */,
				5613AE4829A3E5600071FEE0 /* Resources */,
			);
			buildRules = (
			);
			dependencies = (
			);
			name = FakeStore;
			productName = FakeStore;
			productReference = 5613AE4A29A3E5600071FEE0 /* FakeStore.app */;
			productType = "com.apple.product-type.application";
		};
/* End PBXNativeTarget section */

/* Begin PBXProject section */
		5613AE4229A3E5600071FEE0 /* Project object */ = {
			isa = PBXProject;
			attributes = {
				BuildIndependentTargetsInParallel = 1;
				LastSwiftUpdateCheck = 1400;
				LastUpgradeCheck = 1400;
				TargetAttributes = {
					5613AE4929A3E5600071FEE0 = {
						CreatedOnToolsVersion = 14.0;
					};
				};
			};
			buildConfigurationList = 5613AE4529A3E5600071FEE0 /* Build configuration list for PBXProject "FakeStore" */;
			compatibilityVersion = "Xcode 14.0";
			developmentRegion = en;
			hasScannedForEncodings = 0;
			knownRegions = (
				en,
				Base,
			);
			mainGroup = 5613AE4129A3E5600071FEE0;
			productRefGroup = 5613AE4B29A3E5600071FEE0 /* Products */;
			projectDirPath = "";
			projectRoot = "";
			targets = (
				5613AE4929A3E5600071FEE0 /* FakeStore */,
			);
		};
/* End PBXProject section */

/* Begin PBXResourcesBuildPhase section */
		5613AE4829A3E5600071FEE0 /* Resources */ = {
			isa = PBXResourcesBuildPhase;
			buildActionMask = 2147483647;
			files = (
				5613AE5529A3E5610071FEE0 /* Preview Assets.xcassets in Resources */,
				5613AE5229A3E5610071FEE0 /* Assets.xcassets in Resources */,
			);
			runOnlyForDeploymentPostprocessing = 0;
		};
/* End PBXResourcesBuildPhase section */

/* Begin PBXSourcesBuildPhase section */
		5613AE4629A3E5600071FEE0 /* Sources */ = {
			isa = PBXSourcesBuildPhase;
			buildActionMask = 2147483647;
			files = (
				568FCC0C29A672E9007056EF /* ProductView.swift in Sources */,
				5613AE5029A3E5600071FEE0 /* HomeView.swift in Sources */,
				5613AE4E29A3E5600071FEE0 /* FakeStoreApp.swift in Sources */,
				568FCC0E29A67C7A007056EF /* RatingView.swift in Sources */,
				5613AE6129A3E65E0071FEE0 /* Product.swift in Sources */,
				5613AE6329A3E6DC0071FEE0 /* HomeViewModel.swift in Sources */,
			);
			runOnlyForDeploymentPostprocessing = 0;
		};
/* End PBXSourcesBuildPhase section */

/* Begin XCBuildConfiguration section */
		5613AE5629A3E5610071FEE0 /* Debug */ = {
			isa = XCBuildConfiguration;
			buildSettings = {
				ALWAYS_SEARCH_USER_PATHS = NO;
				CLANG_ANALYZER_NONNULL = YES;
				CLANG_ANALYZER_NUMBER_OBJECT_CONVERSION = YES_AGGRESSIVE;
				CLANG_CXX_LANGUAGE_STANDARD = "gnu++20";
				CLANG_ENABLE_MODULES = YES;
				CLANG_ENABLE_OBJC_ARC = YES;
				CLANG_ENABLE_OBJC_WEAK = YES;
				CLANG_WARN_BLOCK_CAPTURE_AUTORELEASING = YES;
				CLANG_WARN_BOOL_CONVERSION = YES;
				CLANG_WARN_COMMA = YES;
				CLANG_WARN_CONSTANT_CONVERSION = YES;
				CLANG_WARN_DEPRECATED_OBJC_IMPLEMENTATIONS = YES;
				CLANG_WARN_DIRECT_OBJC_ISA_USAGE = YES_ERROR;
				CLANG_WARN_DOCUMENTATION_COMMENTS = YES;
				CLANG_WARN_EMPTY_BODY = YES;
				CLANG_WARN_ENUM_CONVERSION = YES;
				CLANG_WARN_INFINITE_RECURSION = YES;
				CLANG_WARN_INT_CONVERSION = YES;
				CLANG_WARN_NON_LITERAL_NULL_CONVERSION = YES;
				CLANG_WARN_OBJC_IMPLICIT_RETAIN_SELF = YES;
				CLANG_WARN_OBJC_LITERAL_CONVERSION = YES;
				CLANG_WARN_OBJC_ROOT_CLASS = YES_ERROR;
				CLANG_WARN_QUOTED_INCLUDE_IN_FRAMEWORK_HEADER = YES;
				CLANG_WARN_RANGE_LOOP_ANALYSIS = YES;
				CLANG_WARN_STRICT_PROTOTYPES = YES;
				CLANG_WARN_SUSPICIOUS_MOVE = YES;
				CLANG_WARN_UNGUARDED_AVAILABILITY = YES_AGGRESSIVE;
				CLANG_WARN_UNREACHABLE_CODE = YES;
				CLANG_WARN__DUPLICATE_METHOD_MATCH = YES;
				COPY_PHASE_STRIP = NO;
				DEBUG_INFORMATION_FORMAT = dwarf;
				ENABLE_STRICT_OBJC_MSGSEND = YES;
				ENABLE_TESTABILITY = YES;
				GCC_C_LANGUAGE_STANDARD = gnu11;
				GCC_DYNAMIC_NO_PIC = NO;
				GCC_NO_COMMON_BLOCKS = YES;
				GCC_OPTIMIZATION_LEVEL = 0;
				GCC_PREPROCESSOR_DEFINITIONS = (
					"DEBUG=1",
					"$(inherited)",
				);
				GCC_WARN_64_TO_32_BIT_CONVERSION = YES;
				GCC_WARN_ABOUT_RETURN_TYPE = YES_ERROR;
				GCC_WARN_UNDECLARED_SELECTOR = YES;
				GCC_WARN_UNINITIALIZED_AUTOS = YES_AGGRESSIVE;
				GCC_WARN_UNUSED_FUNCTION = YES;
				GCC_WARN_UNUSED_VARIABLE = YES;
				IPHONEOS_DEPLOYMENT_TARGET = 16.0;
				MTL_ENABLE_DEBUG_INFO = INCLUDE_SOURCE;
				MTL_FAST_MATH = YES;
				ONLY_ACTIVE_ARCH = YES;
				SDKROOT = iphoneos;
				SWIFT_ACTIVE_COMPILATION_CONDITIONS = DEBUG;
				SWIFT_OPTIMIZATION_LEVEL = "-Onone";
			};
			name = Debug;
		};
		5613AE5729A3E5610071FEE0 /* Release */ = {
			isa = XCBuildConfiguration;
			buildSettings = {
				ALWAYS_SEARCH_USER_PATHS = NO;
				CLANG_ANALYZER_NONNULL = YES;
				CLANG_ANALYZER_NUMBER_OBJECT_CONVERSION = YES_AGGRESSIVE;
				CLANG_CXX_LANGUAGE_STANDARD = "gnu++20";
				CLANG_ENABLE_MODULES = YES;
				CLANG_ENABLE_OBJC_ARC = YES;
				CLANG_ENABLE_OBJC_WEAK = YES;
				CLANG_WARN_BLOCK_CAPTURE_AUTORELEASING = YES;
				CLANG_WARN_BOOL_CONVERSION = YES;
				CLANG_WARN_COMMA = YES;
				CLANG_WARN_CONSTANT_CONVERSION = YES;
				CLANG_WARN_DEPRECATED_OBJC_IMPLEMENTATIONS = YES;
				CLANG_WARN_DIRECT_OBJC_ISA_USAGE = YES_ERROR;
				CLANG_WARN_DOCUMENTATION_COMMENTS = YES;
				CLANG_WARN_EMPTY_BODY = YES;
				CLANG_WARN_ENUM_CONVERSION = YES;
				CLANG_WARN_INFINITE_RECURSION = YES;
				CLANG_WARN_INT_CONVERSION = YES;
				CLANG_WARN_NON_LITERAL_NULL_CONVERSION = YES;
				CLANG_WARN_OBJC_IMPLICIT_RETAIN_SELF = YES;
				CLANG_WARN_OBJC_LITERAL_CONVERSION = YES;
				CLANG_WARN_OBJC_ROOT_CLASS = YES_ERROR;
				CLANG_WARN_QUOTED_INCLUDE_IN_FRAMEWORK_HEADER = YES;
				CLANG_WARN_RANGE_LOOP_ANALYSIS = YES;
				CLANG_WARN_STRICT_PROTOTYPES = YES;
				CLANG_WARN_SUSPICIOUS_MOVE = YES;
				CLANG_WARN_UNGUARDED_AVAILABILITY = YES_AGGRESSIVE;
				CLANG_WARN_UNREACHABLE_CODE = YES;
				CLANG_WARN__DUPLICATE_METHOD_MATCH = YES;
				COPY_PHASE_STRIP = NO;
				DEBUG_INFORMATION_FORMAT = "dwarf-with-dsym";
				ENABLE_NS_ASSERTIONS = NO;
				ENABLE_STRICT_OBJC_MSGSEND = YES;
				GCC_C_LANGUAGE_STANDARD = gnu11;
				GCC_NO_COMMON_BLOCKS = YES;
				GCC_WARN_64_TO_32_BIT_CONVERSION = YES;
				GCC_WARN_ABOUT_RETURN_TYPE = YES_ERROR;
				GCC_WARN_UNDECLARED_SELECTOR = YES;
				GCC_WARN_UNINITIALIZED_AUTOS = YES_AGGRESSIVE;
				GCC_WARN_UNUSED_FUNCTION = YES;
				GCC_WARN_UNUSED_VARIABLE = YES;
				IPHONEOS_DEPLOYMENT_TARGET = 16.0;
				MTL_ENABLE_DEBUG_INFO = NO;
				MTL_FAST_MATH = YES;
				SDKROOT = iphoneos;
				SWIFT_COMPILATION_MODE = wholemodule;
				SWIFT_OPTIMIZATION_LEVEL = "-O";
				VALIDATE_PRODUCT = YES;
			};
			name = Release;
		};
		5613AE5929A3E5610071FEE0 /* Debug */ = {
			isa = XCBuildConfiguration;
			buildSettings = {
				ASSETCATALOG_COMPILER_APPICON_NAME = AppIcon;
				ASSETCATALOG_COMPILER_GLOBAL_ACCENT_COLOR_NAME = AccentColor;
				CODE_SIGN_STYLE = Automatic;
				CURRENT_PROJECT_VERSION = 1;
				DEVELOPMENT_ASSET_PATHS = "\"FakeStore/Preview Content\"";
				DEVELOPMENT_TEAM = B3MZ96QT2S;
				ENABLE_PREVIEWS = YES;
				GENERATE_INFOPLIST_FILE = YES;
				INFOPLIST_KEY_UIApplicationSceneManifest_Generation = YES;
				INFOPLIST_KEY_UIApplicationSupportsIndirectInputEvents = YES;
				INFOPLIST_KEY_UILaunchScreen_Generation = YES;
				INFOPLIST_KEY_UISupportedInterfaceOrientations_iPad = "UIInterfaceOrientationPortrait UIInterfaceOrientationPortraitUpsideDown UIInterfaceOrientationLandscapeLeft UIInterfaceOrientationLandscapeRight";
				INFOPLIST_KEY_UISupportedInterfaceOrientations_iPhone = "UIInterfaceOrientationPortrait UIInterfaceOrientationLandscapeLeft UIInterfaceOrientationLandscapeRight";
				LD_RUNPATH_SEARCH_PATHS = (
					"$(inherited)",
					"@executable_path/Frameworks",
				);
				MARKETING_VERSION = 1.0;
				PRODUCT_BUNDLE_IDENTIFIER = com.mihaicerneanu.FakeStore;
				PRODUCT_NAME = "$(TARGET_NAME)";
				SWIFT_EMIT_LOC_STRINGS = YES;
				SWIFT_VERSION = 5.0;
				TARGETED_DEVICE_FAMILY = "1,2";
			};
			name = Debug;
		};
		5613AE5A29A3E5610071FEE0 /* Release */ = {
			isa = XCBuildConfiguration;
			buildSettings = {
				ASSETCATALOG_COMPILER_APPICON_NAME = AppIcon;
				ASSETCATALOG_COMPILER_GLOBAL_ACCENT_COLOR_NAME = AccentColor;
				CODE_SIGN_STYLE = Automatic;
				CURRENT_PROJECT_VERSION = 1;
				DEVELOPMENT_ASSET_PATHS = "\"FakeStore/Preview Content\"";
				DEVELOPMENT_TEAM = B3MZ96QT2S;
				ENABLE_PREVIEWS = YES;
				GENERATE_INFOPLIST_FILE = YES;
				INFOPLIST_KEY_UIApplicationSceneManifest_Generation = YES;
				INFOPLIST_KEY_UIApplicationSupportsIndirectInputEvents = YES;
				INFOPLIST_KEY_UILaunchScreen_Generation = YES;
				INFOPLIST_KEY_UISupportedInterfaceOrientations_iPad = "UIInterfaceOrientationPortrait UIInterfaceOrientationPortraitUpsideDown UIInterfaceOrientationLandscapeLeft UIInterfaceOrientationLandscapeRight";
				INFOPLIST_KEY_UISupportedInterfaceOrientations_iPhone = "UIInterfaceOrientationPortrait UIInterfaceOrientationLandscapeLeft UIInterfaceOrientationLandscapeRight";
				LD_RUNPATH_SEARCH_PATHS = (
					"$(inherited)",
					"@executable_path/Frameworks",
				);
				MARKETING_VERSION = 1.0;
				PRODUCT_BUNDLE_IDENTIFIER = com.mihaicerneanu.FakeStore;
				PRODUCT_NAME = "$(TARGET_NAME)";
				SWIFT_EMIT_LOC_STRINGS = YES;
				SWIFT_VERSION = 5.0;
				TARGETED_DEVICE_FAMILY = "1,2";
			};
			name = Release;
		};
/* End XCBuildConfiguration section */

/* Begin XCConfigurationList section */
		5613AE4529A3E5600071FEE0 /* Build configuration list for PBXProject "FakeStore" */ = {
			isa = XCConfigurationList;
			buildConfigurations = (
				5613AE5629A3E5610071FEE0 /* Debug */,
				5613AE5729A3E5610071FEE0 /* Release */,
			);
			defaultConfigurationIsVisible = 0;
			defaultConfigurationName = Release;
		};
		5613AE5829A3E5610071FEE0 /* Build configuration list for PBXNativeTarget "FakeStore" */ = {
			isa = XCConfigurationList;
			buildConfigurations = (
				5613AE5929A3E5610071FEE0 /* Debug */,
				5613AE5A29A3E5610071FEE0 /* Release */,
			);
			defaultConfigurationIsVisible = 0;
			defaultConfigurationName = Release;
		};
/* End XCConfigurationList section */
	};
	rootObject = 5613AE4229A3E5600071FEE0 /* Project object */;
}
